PODS:
  - JiffyLogger (1.0.2):
    - ObjectiveSugar
  - Kiwi (2.4.0)
  - ObjectiveSugar (1.1.0)

DEPENDENCIES:
  - JiffyLogger (from `../`)
  - Kiwi (from `https://github.com/kiwi-bdd/Kiwi.git`)

EXTERNAL SOURCES:
  JiffyLogger:
    :path: ../
  Kiwi:
    :git: https://github.com/kiwi-bdd/Kiwi.git

CHECKOUT OPTIONS:
  Kiwi:
    :commit: ae9f6d83faf774754ea60a9dfc6556eb23800f47
    :git: https://github.com/kiwi-bdd/Kiwi.git

SPEC CHECKSUMS:
  JiffyLogger: df48cfa7d82a6dc3191617516739f5032366fdf8
  Kiwi: f49c9d54b28917df5928fe44968a39ed198cb8a8
  ObjectiveSugar: a6a25f23d657c19df0a0b972466d5b5ca9f5295c

COCOAPODS: 0.38.2
