// !$*UTF8*$!
{
	archiveVersion = 1;
	classes = {
	};
	objectVersion = 46;
	objects = {

/* Begin PBXBuildFile section */
		6003F58E195388D20070C39A /* Foundation.framework in Frameworks */ = {isa = PBXBuildFile; fileRef = 6003F58D195388D20070C39A /* Foundation.framework */; };
		6003F590195388D20070C39A /* CoreGraphics.framework in Frameworks */ = {isa = PBXBuildFile; fileRef = 6003F58F195388D20070C39A /* CoreGraphics.framework */; };
		6003F592195388D20070C39A /* UIKit.framework in Frameworks */ = {isa = PBXBuildFile; fileRef = 6003F591195388D20070C39A /* UIKit.framework */; };
		6003F598195388D20070C39A /* InfoPlist.strings in Resources */ = {isa = PBXBuildFile; fileRef = 6003F596195388D20070C39A /* InfoPlist.strings */; };
		6003F59A195388D20070C39A /* main.m in Sources */ = {isa = PBXBuildFile; fileRef = 6003F599195388D20070C39A /* main.m */; };
		6003F59E195388D20070C39A /* JFAppDelegate.m in Sources */ = {isa = PBXBuildFile; fileRef = 6003F59D195388D20070C39A /* JFAppDelegate.m */; };
		6003F5A7195388D20070C39A /* JFViewController.m in Sources */ = {isa = PBXBuildFile; fileRef = 6003F5A6195388D20070C39A /* JFViewController.m */; };
		6003F5A9195388D20070C39A /* Images.xcassets in Resources */ = {isa = PBXBuildFile; fileRef = 6003F5A8195388D20070C39A /* Images.xcassets */; };
		70B5C1A51BA3527800770486 /* JFCommunicationLogger.m in Sources */ = {isa = PBXBuildFile; fileRef = 70B5C1A41BA3527800770486 /* JFCommunicationLogger.m */; };
		70D091AF1BA3585F006EE263 /* JFFileLoggerSpec.m in Sources */ = {isa = PBXBuildFile; fileRef = 70D091AD1BA3585F006EE263 /* JFFileLoggerSpec.m */; };
		70D091B41BA35886006EE263 /* JFFileLogger+DependencyInjection.m in Sources */ = {isa = PBXBuildFile; fileRef = 70D091B31BA35886006EE263 /* JFFileLogger+DependencyInjection.m */; };
		873B8AEB1B1F5CCA007FD442 /* Main.storyboard in Resources */ = {isa = PBXBuildFile; fileRef = 873B8AEA1B1F5CCA007FD442 /* Main.storyboard */; };
		9834502827A3D6A445815EB5 /* Pods_JiffyLogger_Specs.framework in Frameworks */ = {isa = PBXBuildFile; fileRef = 264F4B062EAA39CEA199470C /* Pods_JiffyLogger_Specs.framework */; settings = {ATTRIBUTES = (Weak, ); }; };
		C61FBE0A252EBB8805A5590B /* Pods_JiffyLogger_Example.framework in Frameworks */ = {isa = PBXBuildFile; fileRef = 648E6A68A4DCAF9D2715D27F /* Pods_JiffyLogger_Example.framework */; settings = {ATTRIBUTES = (Weak, ); }; };
/* End PBXBuildFile section */

/* Begin PBXContainerItemProxy section */
		70B5C1B31BA3558600770486 /* PBXContainerItemProxy */ = {
			isa = PBXContainerItemProxy;
			containerPortal = 6003F582195388D10070C39A /* Project object */;
			proxyType = 1;
			remoteGlobalIDString = 6003F589195388D20070C39A;
			remoteInfo = JiffyLogger_Example;
		};
/* End PBXContainerItemProxy section */

/* Begin PBXFileReference section */
		1AD12F5F86EE6816770A6CDD /* Pods-JiffyLogger_Specs.debug.xcconfig */ = {isa = PBXFileReference; includeInIndex = 1; lastKnownFileType = text.xcconfig; name = "Pods-JiffyLogger_Specs.debug.xcconfig"; path = "Pods/Target Support Files/Pods-JiffyLogger_Specs/Pods-JiffyLogger_Specs.debug.xcconfig"; sourceTree = "<group>"; };
		264F4B062EAA39CEA199470C /* Pods_JiffyLogger_Specs.framework */ = {isa = PBXFileReference; explicitFileType = wrapper.framework; includeInIndex = 0; path = Pods_JiffyLogger_Specs.framework; sourceTree = BUILT_PRODUCTS_DIR; };
		339F4A1D9E91697F0DB5092D /* Pods-JiffyLogger_Specs.release.xcconfig */ = {isa = PBXFileReference; includeInIndex = 1; lastKnownFileType = text.xcconfig; name = "Pods-JiffyLogger_Specs.release.xcconfig"; path = "Pods/Target Support Files/Pods-JiffyLogger_Specs/Pods-JiffyLogger_Specs.release.xcconfig"; sourceTree = "<group>"; };
		4D0387BACC9AA6D03DAB31E1 /* LICENSE */ = {isa = PBXFileReference; includeInIndex = 1; lastKnownFileType = text; name = LICENSE; path = ../LICENSE; sourceTree = "<group>"; };
		5C0DDC9BB40B7FB35EF9CF8D /* Pods-JiffyLogger_Example.debug.xcconfig */ = {isa = PBXFileReference; includeInIndex = 1; lastKnownFileType = text.xcconfig; name = "Pods-JiffyLogger_Example.debug.xcconfig"; path = "Pods/Target Support Files/Pods-JiffyLogger_Example/Pods-JiffyLogger_Example.debug.xcconfig"; sourceTree = "<group>"; };
		6003F58A195388D20070C39A /* JiffyLogger_Example.app */ = {isa = PBXFileReference; explicitFileType = wrapper.application; includeInIndex = 0; path = JiffyLogger_Example.app; sourceTree = BUILT_PRODUCTS_DIR; };
		6003F58D195388D20070C39A /* Foundation.framework */ = {isa = PBXFileReference; lastKnownFileType = wrapper.framework; name = Foundation.framework; path = System/Library/Frameworks/Foundation.framework; sourceTree = SDKROOT; };
		6003F58F195388D20070C39A /* CoreGraphics.framework */ = {isa = PBXFileReference; lastKnownFileType = wrapper.framework; name = CoreGraphics.framework; path = System/Library/Frameworks/CoreGraphics.framework; sourceTree = SDKROOT; };
		6003F591195388D20070C39A /* UIKit.framework */ = {isa = PBXFileReference; lastKnownFileType = wrapper.framework; name = UIKit.framework; path = System/Library/Frameworks/UIKit.framework; sourceTree = SDKROOT; };
		6003F595195388D20070C39A /* JiffyLogger-Info.plist */ = {isa = PBXFileReference; lastKnownFileType = text.plist.xml; path = "JiffyLogger-Info.plist"; sourceTree = "<group>"; };
		6003F597195388D20070C39A /* en */ = {isa = PBXFileReference; lastKnownFileType = text.plist.strings; name = en; path = en.lproj/InfoPlist.strings; sourceTree = "<group>"; };
		6003F599195388D20070C39A /* main.m */ = {isa = PBXFileReference; lastKnownFileType = sourcecode.c.objc; path = main.m; sourceTree = "<group>"; };
		6003F59B195388D20070C39A /* JiffyLogger-Prefix.pch */ = {isa = PBXFileReference; lastKnownFileType = sourcecode.c.h; path = "JiffyLogger-Prefix.pch"; sourceTree = "<group>"; };
		6003F59C195388D20070C39A /* JFAppDelegate.h */ = {isa = PBXFileReference; lastKnownFileType = sourcecode.c.h; path = JFAppDelegate.h; sourceTree = "<group>"; };
		6003F59D195388D20070C39A /* JFAppDelegate.m */ = {isa = PBXFileReference; lastKnownFileType = sourcecode.c.objc; path = JFAppDelegate.m; sourceTree = "<group>"; };
		6003F5A5195388D20070C39A /* JFViewController.h */ = {isa = PBXFileReference; lastKnownFileType = sourcecode.c.h; path = JFViewController.h; sourceTree = "<group>"; };
		6003F5A6195388D20070C39A /* JFViewController.m */ = {isa = PBXFileReference; lastKnownFileType = sourcecode.c.objc; path = JFViewController.m; sourceTree = "<group>"; };
		6003F5A8195388D20070C39A /* Images.xcassets */ = {isa = PBXFileReference; lastKnownFileType = folder.assetcatalog; path = Images.xcassets; sourceTree = "<group>"; };
		6003F5AF195388D20070C39A /* XCTest.framework */ = {isa = PBXFileReference; lastKnownFileType = wrapper.framework; name = XCTest.framework; path = Library/Frameworks/XCTest.framework; sourceTree = DEVELOPER_DIR; };
		648E6A68A4DCAF9D2715D27F /* Pods_JiffyLogger_Example.framework */ = {isa = PBXFileReference; explicitFileType = wrapper.framework; includeInIndex = 0; path = Pods_JiffyLogger_Example.framework; sourceTree = BUILT_PRODUCTS_DIR; };
		70B5C1A31BA3527800770486 /* JFCommunicationLogger.h */ = {isa = PBXFileReference; fileEncoding = 4; lastKnownFileType = sourcecode.c.h; path = JFCommunicationLogger.h; sourceTree = "<group>"; };
		70B5C1A41BA3527800770486 /* JFCommunicationLogger.m */ = {isa = PBXFileReference; fileEncoding = 4; lastKnownFileType = sourcecode.c.objc; path = JFCommunicationLogger.m; sourceTree = "<group>"; };
		70B5C1AE1BA3558600770486 /* JiffyLogger_Specs.xctest */ = {isa = PBXFileReference; explicitFileType = wrapper.cfbundle; includeInIndex = 0; path = JiffyLogger_Specs.xctest; sourceTree = BUILT_PRODUCTS_DIR; };
		70B5C1B21BA3558600770486 /* Info.plist */ = {isa = PBXFileReference; lastKnownFileType = text.plist.xml; path = Info.plist; sourceTree = "<group>"; };
		70D091AD1BA3585F006EE263 /* JFFileLoggerSpec.m */ = {isa = PBXFileReference; fileEncoding = 4; lastKnownFileType = sourcecode.c.objc; path = JFFileLoggerSpec.m; sourceTree = "<group>"; };
		70D091B21BA35886006EE263 /* JFFileLogger+DependencyInjection.h */ = {isa = PBXFileReference; fileEncoding = 4; lastKnownFileType = sourcecode.c.h; name = "JFFileLogger+DependencyInjection.h"; path = "Helpers/JFFileLogger+DependencyInjection.h"; sourceTree = "<group>"; };
		70D091B31BA35886006EE263 /* JFFileLogger+DependencyInjection.m */ = {isa = PBXFileReference; fileEncoding = 4; lastKnownFileType = sourcecode.c.objc; name = "JFFileLogger+DependencyInjection.m"; path = "Helpers/JFFileLogger+DependencyInjection.m"; sourceTree = "<group>"; };
		873B8AEA1B1F5CCA007FD442 /* Main.storyboard */ = {isa = PBXFileReference; fileEncoding = 4; lastKnownFileType = file.storyboard; path = Main.storyboard; sourceTree = "<group>"; };
		A66AC0113005FD752A44D742 /* Pods_JiffyLogger_Tests.framework */ = {isa = PBXFileReference; explicitFileType = wrapper.framework; includeInIndex = 0; path = Pods_JiffyLogger_Tests.framework; sourceTree = BUILT_PRODUCTS_DIR; };
		C3CD029CA2C31D8E9F51834F /* JiffyLogger.podspec */ = {isa = PBXFileReference; includeInIndex = 1; lastKnownFileType = text; name = JiffyLogger.podspec; path = ../JiffyLogger.podspec; sourceTree = "<group>"; };
		E3F2C464815AFC967A971CA7 /* Pods-JiffyLogger_Example.release.xcconfig */ = {isa = PBXFileReference; includeInIndex = 1; lastKnownFileType = text.xcconfig; name = "Pods-JiffyLogger_Example.release.xcconfig"; path = "Pods/Target Support Files/Pods-JiffyLogger_Example/Pods-JiffyLogger_Example.release.xcconfig"; sourceTree = "<group>"; };
		EEF445209F9984588A79BB5F /* README.md */ = {isa = PBXFileReference; includeInIndex = 1; lastKnownFileType = net.daringfireball.markdown; name = README.md; path = ../README.md; sourceTree = "<group>"; };
/* End PBXFileReference section */

/* Begin PBXFrameworksBuildPhase section */
		6003F587195388D20070C39A /* Frameworks */ = {
			isa = PBXFrameworksBuildPhase;
			buildActionMask = 2147483647;
			files = (
				6003F590195388D20070C39A /* CoreGraphics.framework in Frameworks */,
				6003F592195388D20070C39A /* UIKit.framework in Frameworks */,
				6003F58E195388D20070C39A /* Foundation.framework in Frameworks */,
				C61FBE0A252EBB8805A5590B /* Pods_JiffyLogger_Example.framework in Frameworks */,
			);
			runOnlyForDeploymentPostprocessing = 0;
		};
		70B5C1AB1BA3558600770486 /* Frameworks */ = {
			isa = PBXFrameworksBuildPhase;
			buildActionMask = 2147483647;
			files = (
				9834502827A3D6A445815EB5 /* Pods_JiffyLogger_Specs.framework in Frameworks */,
			);
			runOnlyForDeploymentPostprocessing = 0;
		};
/* End PBXFrameworksBuildPhase section */

/* Begin PBXGroup section */
		1F622459C561D7CDE419DFB5 /* Pods */ = {
			isa = PBXGroup;
			children = (
				5C0DDC9BB40B7FB35EF9CF8D /* Pods-JiffyLogger_Example.debug.xcconfig */,
				E3F2C464815AFC967A971CA7 /* Pods-JiffyLogger_Example.release.xcconfig */,
				1AD12F5F86EE6816770A6CDD /* Pods-JiffyLogger_Specs.debug.xcconfig */,
				339F4A1D9E91697F0DB5092D /* Pods-JiffyLogger_Specs.release.xcconfig */,
			);
			name = Pods;
			sourceTree = "<group>";
		};
		6003F581195388D10070C39A = {
			isa = PBXGroup;
			children = (
				60FF7A9C1954A5C5007DD14C /* Podspec Metadata */,
				6003F593195388D20070C39A /* Example for JiffyLogger */,
				70B5C1AF1BA3558600770486 /* JiffyLogger_Specs */,
				6003F58C195388D20070C39A /* Frameworks */,
				6003F58B195388D20070C39A /* Products */,
				1F622459C561D7CDE419DFB5 /* Pods */,
			);
			sourceTree = "<group>";
		};
		6003F58B195388D20070C39A /* Products */ = {
			isa = PBXGroup;
			children = (
				6003F58A195388D20070C39A /* JiffyLogger_Example.app */,
				70B5C1AE1BA3558600770486 /* JiffyLogger_Specs.xctest */,
			);
			name = Products;
			sourceTree = "<group>";
		};
		6003F58C195388D20070C39A /* Frameworks */ = {
			isa = PBXGroup;
			children = (
				6003F58D195388D20070C39A /* Foundation.framework */,
				6003F58F195388D20070C39A /* CoreGraphics.framework */,
				6003F591195388D20070C39A /* UIKit.framework */,
				6003F5AF195388D20070C39A /* XCTest.framework */,
				648E6A68A4DCAF9D2715D27F /* Pods_JiffyLogger_Example.framework */,
				A66AC0113005FD752A44D742 /* Pods_JiffyLogger_Tests.framework */,
				264F4B062EAA39CEA199470C /* Pods_JiffyLogger_Specs.framework */,
			);
			name = Frameworks;
			sourceTree = "<group>";
		};
		6003F593195388D20070C39A /* Example for JiffyLogger */ = {
			isa = PBXGroup;
			children = (
				70B5C1A31BA3527800770486 /* JFCommunicationLogger.h */,
				70B5C1A41BA3527800770486 /* JFCommunicationLogger.m */,
				6003F59C195388D20070C39A /* JFAppDelegate.h */,
				6003F59D195388D20070C39A /* JFAppDelegate.m */,
				873B8AEA1B1F5CCA007FD442 /* Main.storyboard */,
				6003F5A5195388D20070C39A /* JFViewController.h */,
				6003F5A6195388D20070C39A /* JFViewController.m */,
				6003F5A8195388D20070C39A /* Images.xcassets */,
				6003F594195388D20070C39A /* Supporting Files */,
			);
			name = "Example for JiffyLogger";
			path = JiffyLogger;
			sourceTree = "<group>";
		};
		6003F594195388D20070C39A /* Supporting Files */ = {
			isa = PBXGroup;
			children = (
				6003F595195388D20070C39A /* JiffyLogger-Info.plist */,
				6003F596195388D20070C39A /* InfoPlist.strings */,
				6003F599195388D20070C39A /* main.m */,
				6003F59B195388D20070C39A /* JiffyLogger-Prefix.pch */,
			);
			name = "Supporting Files";
			sourceTree = "<group>";
		};
		60FF7A9C1954A5C5007DD14C /* Podspec Metadata */ = {
			isa = PBXGroup;
			children = (
				C3CD029CA2C31D8E9F51834F /* JiffyLogger.podspec */,
				EEF445209F9984588A79BB5F /* README.md */,
				4D0387BACC9AA6D03DAB31E1 /* LICENSE */,
			);
			name = "Podspec Metadata";
			sourceTree = "<group>";
		};
		70B5C1AF1BA3558600770486 /* JiffyLogger_Specs */ = {
			isa = PBXGroup;
			children = (
				70D091B11BA3587B006EE263 /* Helpers */,
				70D091AD1BA3585F006EE263 /* JFFileLoggerSpec.m */,
				70B5C1B21BA3558600770486 /* Info.plist */,
			);
			path = JiffyLogger_Specs;
			sourceTree = "<group>";
		};
		70D091B11BA3587B006EE263 /* Helpers */ = {
			isa = PBXGroup;
			children = (
				70D091B21BA35886006EE263 /* JFFileLogger+DependencyInjection.h */,
				70D091B31BA35886006EE263 /* JFFileLogger+DependencyInjection.m */,
			);
			name = Helpers;
			sourceTree = "<group>";
		};
/* End PBXGroup section */

/* Begin PBXNativeTarget section */
		6003F589195388D20070C39A /* JiffyLogger_Example */ = {
			isa = PBXNativeTarget;
			buildConfigurationList = 6003F5BF195388D20070C39A /* Build configuration list for PBXNativeTarget "JiffyLogger_Example" */;
			buildPhases = (
				8FE70220E2FADF403EF0F1E0 /* Check Pods Manifest.lock */,
				6003F586195388D20070C39A /* Sources */,
				6003F587195388D20070C39A /* Frameworks */,
				6003F588195388D20070C39A /* Resources */,
				E778F5EF7FA502EDEC8DAD75 /* Embed Pods Frameworks */,
				2E91E42FEC16C12116EF2554 /* Copy Pods Resources */,
			);
			buildRules = (
			);
			dependencies = (
			);
			name = JiffyLogger_Example;
			productName = JiffyLogger;
			productReference = 6003F58A195388D20070C39A /* JiffyLogger_Example.app */;
			productType = "com.apple.product-type.application";
		};
		70B5C1AD1BA3558600770486 /* JiffyLogger_Specs */ = {
			isa = PBXNativeTarget;
			buildConfigurationList = 70B5C1B51BA3558600770486 /* Build configuration list for PBXNativeTarget "JiffyLogger_Specs" */;
			buildPhases = (
				16F22B822DF9BC2CF5CD4A07 /* Check Pods Manifest.lock */,
				70B5C1AA1BA3558600770486 /* Sources */,
				70B5C1AB1BA3558600770486 /* Frameworks */,
				70B5C1AC1BA3558600770486 /* Resources */,
				6EEEE3ED54C2DC7BB14EA832 /* Embed Pods Frameworks */,
				D90417A08F97DC0EC929FB8E /* Copy Pods Resources */,
			);
			buildRules = (
			);
			dependencies = (
				70B5C1B41BA3558600770486 /* PBXTargetDependency */,
			);
			name = JiffyLogger_Specs;
			productName = JiffyLogger_Specs;
			productReference = 70B5C1AE1BA3558600770486 /* JiffyLogger_Specs.xctest */;
			productType = "com.apple.product-type.bundle.unit-test";
		};
/* End PBXNativeTarget section */

/* Begin PBXProject section */
		6003F582195388D10070C39A /* Project object */ = {
			isa = PBXProject;
			attributes = {
				CLASSPREFIX = JF;
				LastUpgradeCheck = 0510;
				ORGANIZATIONNAME = jyaunches;
				TargetAttributes = {
					6003F589195388D20070C39A = {
						DevelopmentTeam = T34EE4GLT2;
					};
					70B5C1AD1BA3558600770486 = {
						CreatedOnToolsVersion = 7.0;
						TestTargetID = 6003F589195388D20070C39A;
					};
				};
			};
			buildConfigurationList = 6003F585195388D10070C39A /* Build configuration list for PBXProject "JiffyLogger" */;
			compatibilityVersion = "Xcode 3.2";
			developmentRegion = English;
			hasScannedForEncodings = 0;
			knownRegions = (
				en,
				Base,
			);
			mainGroup = 6003F581195388D10070C39A;
			productRefGroup = 6003F58B195388D20070C39A /* Products */;
			projectDirPath = "";
			projectRoot = "";
			targets = (
				6003F589195388D20070C39A /* JiffyLogger_Example */,
				70B5C1AD1BA3558600770486 /* JiffyLogger_Specs */,
			);
		};
/* End PBXProject section */

/* Begin PBXResourcesBuildPhase section */
		6003F588195388D20070C39A /* Resources */ = {
			isa = PBXResourcesBuildPhase;
			buildActionMask = 2147483647;
			files = (
				873B8AEB1B1F5CCA007FD442 /* Main.storyboard in Resources */,
				6003F5A9195388D20070C39A /* Images.xcassets in Resources */,
				6003F598195388D20070C39A /* InfoPlist.strings in Resources */,
			);
			runOnlyForDeploymentPostprocessing = 0;
		};
		70B5C1AC1BA3558600770486 /* Resources */ = {
			isa = PBXResourcesBuildPhase;
			buildActionMask = 2147483647;
			files = (
			);
			runOnlyForDeploymentPostprocessing = 0;
		};
/* End PBXResourcesBuildPhase section */

/* Begin PBXShellScriptBuildPhase section */
		16F22B822DF9BC2CF5CD4A07 /* Check Pods Manifest.lock */ = {
			isa = PBXShellScriptBuildPhase;
			buildActionMask = 2147483647;
			files = (
			);
			inputPaths = (
			);
			name = "Check Pods Manifest.lock";
			outputPaths = (
			);
			runOnlyForDeploymentPostprocessing = 0;
			shellPath = /bin/sh;
			shellScript = "diff \"${PODS_ROOT}/../Podfile.lock\" \"${PODS_ROOT}/Manifest.lock\" > /dev/null\nif [[ $? != 0 ]] ; then\n    cat << EOM\nerror: The sandbox is not in sync with the Podfile.lock. Run 'pod install' or update your CocoaPods installation.\nEOM\n    exit 1\nfi\n";
			showEnvVarsInLog = 0;
		};
		2E91E42FEC16C12116EF2554 /* Copy Pods Resources */ = {
			isa = PBXShellScriptBuildPhase;
			buildActionMask = 2147483647;
			files = (
			);
			inputPaths = (
			);
			name = "Copy Pods Resources";
			outputPaths = (
			);
			runOnlyForDeploymentPostprocessing = 0;
			shellPath = /bin/sh;
			shellScript = "\"${SRCROOT}/Pods/Target Support Files/Pods-JiffyLogger_Example/Pods-JiffyLogger_Example-resources.sh\"\n";
			showEnvVarsInLog = 0;
		};
		6EEEE3ED54C2DC7BB14EA832 /* Embed Pods Frameworks */ = {
			isa = PBXShellScriptBuildPhase;
			buildActionMask = 2147483647;
			files = (
			);
			inputPaths = (
			);
			name = "Embed Pods Frameworks";
			outputPaths = (
			);
			runOnlyForDeploymentPostprocessing = 0;
			shellPath = /bin/sh;
			shellScript = "\"${SRCROOT}/Pods/Target Support Files/Pods-JiffyLogger_Specs/Pods-JiffyLogger_Specs-frameworks.sh\"\n";
			showEnvVarsInLog = 0;
		};
		8FE70220E2FADF403EF0F1E0 /* Check Pods Manifest.lock */ = {
			isa = PBXShellScriptBuildPhase;
			buildActionMask = 2147483647;
			files = (
			);
			inputPaths = (
			);
			name = "Check Pods Manifest.lock";
			outputPaths = (
			);
			runOnlyForDeploymentPostprocessing = 0;
			shellPath = /bin/sh;
			shellScript = "diff \"${PODS_ROOT}/../Podfile.lock\" \"${PODS_ROOT}/Manifest.lock\" > /dev/null\nif [[ $? != 0 ]] ; then\n    cat << EOM\nerror: The sandbox is not in sync with the Podfile.lock. Run 'pod install' or update your CocoaPods installation.\nEOM\n    exit 1\nfi\n";
			showEnvVarsInLog = 0;
		};
		D90417A08F97DC0EC929FB8E /* Copy Pods Resources */ = {
			isa = PBXShellScriptBuildPhase;
			buildActionMask = 2147483647;
			files = (
			);
			inputPaths = (
			);
			name = "Copy Pods Resources";
			outputPaths = (
			);
			runOnlyForDeploymentPostprocessing = 0;
			shellPath = /bin/sh;
			shellScript = "\"${SRCROOT}/Pods/Target Support Files/Pods-JiffyLogger_Specs/Pods-JiffyLogger_Specs-resources.sh\"\n";
			showEnvVarsInLog = 0;
		};
		E778F5EF7FA502EDEC8DAD75 /* Embed Pods Frameworks */ = {
			isa = PBXShellScriptBuildPhase;
			buildActionMask = 2147483647;
			files = (
			);
			inputPaths = (
			);
			name = "Embed Pods Frameworks";
			outputPaths = (
			);
			runOnlyForDeploymentPostprocessing = 0;
			shellPath = /bin/sh;
			shellScript = "\"${SRCROOT}/Pods/Target Support Files/Pods-JiffyLogger_Example/Pods-JiffyLogger_Example-frameworks.sh\"\n";
			showEnvVarsInLog = 0;
		};
/* End PBXShellScriptBuildPhase section */

/* Begin PBXSourcesBuildPhase section */
		6003F586195388D20070C39A /* Sources */ = {
			isa = PBXSourcesBuildPhase;
			buildActionMask = 2147483647;
			files = (
				70B5C1A51BA3527800770486 /* JFCommunicationLogger.m in Sources */,
				6003F59E195388D20070C39A /* JFAppDelegate.m in Sources */,
				6003F5A7195388D20070C39A /* JFViewController.m in Sources */,
				6003F59A195388D20070C39A /* main.m in Sources */,
			);
			runOnlyForDeploymentPostprocessing = 0;
		};
		70B5C1AA1BA3558600770486 /* Sources */ = {
			isa = PBXSourcesBuildPhase;
			buildActionMask = 2147483647;
			files = (
				70D091B41BA35886006EE263 /* JFFileLogger+DependencyInjection.m in Sources */,
				70D091AF1BA3585F006EE263 /* JFFileLoggerSpec.m in Sources */,
			);
			runOnlyForDeploymentPostprocessing = 0;
		};
/* End PBXSourcesBuildPhase section */

/* Begin PBXTargetDependency section */
		70B5C1B41BA3558600770486 /* PBXTargetDependency */ = {
			isa = PBXTargetDependency;
			target = 6003F589195388D20070C39A /* JiffyLogger_Example */;
			targetProxy = 70B5C1B31BA3558600770486 /* PBXContainerItemProxy */;
		};
/* End PBXTargetDependency section */

/* Begin PBXVariantGroup section */
		6003F596195388D20070C39A /* InfoPlist.strings */ = {
			isa = PBXVariantGroup;
			children = (
				6003F597195388D20070C39A /* en */,
			);
			name = InfoPlist.strings;
			sourceTree = "<group>";
		};
/* End PBXVariantGroup section */

/* Begin XCBuildConfiguration section */
		6003F5BD195388D20070C39A /* Debug */ = {
			isa = XCBuildConfiguration;
			buildSettings = {
				ALWAYS_SEARCH_USER_PATHS = NO;
				CLANG_CXX_LANGUAGE_STANDARD = "gnu++0x";
				CLANG_CXX_LIBRARY = "libc++";
				CLANG_ENABLE_MODULES = YES;
				CLANG_ENABLE_OBJC_ARC = YES;
				CLANG_WARN_BOOL_CONVERSION = YES;
				CLANG_WARN_CONSTANT_CONVERSION = YES;
				CLANG_WARN_DIRECT_OBJC_ISA_USAGE = YES_ERROR;
				CLANG_WARN_EMPTY_BODY = YES;
				CLANG_WARN_ENUM_CONVERSION = YES;
				CLANG_WARN_INT_CONVERSION = YES;
				CLANG_WARN_OBJC_ROOT_CLASS = YES_ERROR;
				CLANG_WARN__DUPLICATE_METHOD_MATCH = YES;
				"CODE_SIGN_IDENTITY[sdk=iphoneos*]" = "iPhone Developer";
				COPY_PHASE_STRIP = NO;
				GCC_C_LANGUAGE_STANDARD = gnu99;
				GCC_DYNAMIC_NO_PIC = NO;
				GCC_OPTIMIZATION_LEVEL = 0;
				GCC_PREPROCESSOR_DEFINITIONS = (
					"DEBUG=1",
					"$(inherited)",
				);
				GCC_SYMBOLS_PRIVATE_EXTERN = NO;
				GCC_WARN_64_TO_32_BIT_CONVERSION = YES;
				GCC_WARN_ABOUT_RETURN_TYPE = YES_ERROR;
				GCC_WARN_UNDECLARED_SELECTOR = YES;
				GCC_WARN_UNINITIALIZED_AUTOS = YES_AGGRESSIVE;
				GCC_WARN_UNUSED_FUNCTION = YES;
				GCC_WARN_UNUSED_VARIABLE = YES;
				HEADER_SEARCH_PATHS = "$(inherited)";
				IPHONEOS_DEPLOYMENT_TARGET = 7.1;
				ONLY_ACTIVE_ARCH = YES;
				SDKROOT = iphoneos;
				TARGETED_DEVICE_FAMILY = "1,2";
			};
			name = Debug;
		};
		6003F5BE195388D20070C39A /* Release */ = {
			isa = XCBuildConfiguration;
			buildSettings = {
				ALWAYS_SEARCH_USER_PATHS = NO;
				CLANG_CXX_LANGUAGE_STANDARD = "gnu++0x";
				CLANG_CXX_LIBRARY = "libc++";
				CLANG_ENABLE_MODULES = YES;
				CLANG_ENABLE_OBJC_ARC = YES;
				CLANG_WARN_BOOL_CONVERSION = YES;
				CLANG_WARN_CONSTANT_CONVERSION = YES;
				CLANG_WARN_DIRECT_OBJC_ISA_USAGE = YES_ERROR;
				CLANG_WARN_EMPTY_BODY = YES;
				CLANG_WARN_ENUM_CONVERSION = YES;
				CLANG_WARN_INT_CONVERSION = YES;
				CLANG_WARN_OBJC_ROOT_CLASS = YES_ERROR;
				CLANG_WARN__DUPLICATE_METHOD_MATCH = YES;
				"CODE_SIGN_IDENTITY[sdk=iphoneos*]" = "iPhone Developer";
				COPY_PHASE_STRIP = YES;
				ENABLE_NS_ASSERTIONS = NO;
				GCC_C_LANGUAGE_STANDARD = gnu99;
				GCC_WARN_64_TO_32_BIT_CONVERSION = YES;
				GCC_WARN_ABOUT_RETURN_TYPE = YES_ERROR;
				GCC_WARN_UNDECLARED_SELECTOR = YES;
				GCC_WARN_UNINITIALIZED_AUTOS = YES_AGGRESSIVE;
				GCC_WARN_UNUSED_FUNCTION = YES;
				GCC_WARN_UNUSED_VARIABLE = YES;
				HEADER_SEARCH_PATHS = "$(inherited)";
				IPHONEOS_DEPLOYMENT_TARGET = 7.1;
				SDKROOT = iphoneos;
				TARGETED_DEVICE_FAMILY = "1,2";
				VALIDATE_PRODUCT = YES;
			};
			name = Release;
		};
		6003F5C0195388D20070C39A /* Debug */ = {
			isa = XCBuildConfiguration;
			baseConfigurationReference = 5C0DDC9BB40B7FB35EF9CF8D /* Pods-JiffyLogger_Example.debug.xcconfig */;
			buildSettings = {
				ASSETCATALOG_COMPILER_APPICON_NAME = AppIcon;
				ASSETCATALOG_COMPILER_LAUNCHIMAGE_NAME = LaunchImage;
				CODE_SIGN_IDENTITY = "iPhone Developer";
				GCC_PRECOMPILE_PREFIX_HEADER = YES;
				GCC_PREFIX_HEADER = "JiffyLogger/JiffyLogger-Prefix.pch";
				INFOPLIST_FILE = "JiffyLogger/JiffyLogger-Info.plist";
				IPHONEOS_DEPLOYMENT_TARGET = 8.0;
				MODULE_NAME = ExampleApp;
				PRODUCT_NAME = "$(TARGET_NAME)";
				WRAPPER_EXTENSION = app;
			};
			name = Debug;
		};
		6003F5C1195388D20070C39A /* Release */ = {
			isa = XCBuildConfiguration;
			baseConfigurationReference = E3F2C464815AFC967A971CA7 /* Pods-JiffyLogger_Example.release.xcconfig */;
			buildSettings = {
				ASSETCATALOG_COMPILER_APPICON_NAME = AppIcon;
				ASSETCATALOG_COMPILER_LAUNCHIMAGE_NAME = LaunchImage;
				CODE_SIGN_IDENTITY = "iPhone Developer";
				GCC_PRECOMPILE_PREFIX_HEADER = YES;
				GCC_PREFIX_HEADER = "JiffyLogger/JiffyLogger-Prefix.pch";
				INFOPLIST_FILE = "JiffyLogger/JiffyLogger-Info.plist";
				IPHONEOS_DEPLOYMENT_TARGET = 8.0;
				MODULE_NAME = ExampleApp;
				PRODUCT_NAME = "$(TARGET_NAME)";
				WRAPPER_EXTENSION = app;
			};
			name = Release;
		};
		70B5C1B61BA3558600770486 /* Debug */ = {
			isa = XCBuildConfiguration;
			baseConfigurationReference = 1AD12F5F86EE6816770A6CDD /* Pods-JiffyLogger_Specs.debug.xcconfig */;
			buildSettings = {
				BUNDLE_LOADER = "$(TEST_HOST)";
				CLANG_WARN_UNREACHABLE_CODE = YES;
				DEBUG_INFORMATION_FORMAT = dwarf;
				ENABLE_STRICT_OBJC_MSGSEND = YES;
				ENABLE_TESTABILITY = YES;
				GCC_NO_COMMON_BLOCKS = YES;
				HEADER_SEARCH_PATHS = "$(inherited)";
				INFOPLIST_FILE = JiffyLogger_Specs/Info.plist;
				IPHONEOS_DEPLOYMENT_TARGET = 9.0;
				LD_RUNPATH_SEARCH_PATHS = "$(inherited) @executable_path/Frameworks @loader_path/Frameworks";
				MTL_ENABLE_DEBUG_INFO = YES;
				PRODUCT_BUNDLE_IDENTIFIER = "yaunches-inc.JiffyLogger-Specs";
				PRODUCT_NAME = "$(TARGET_NAME)";
				TEST_HOST = "$(BUILT_PRODUCTS_DIR)/JiffyLogger_Example.app/JiffyLogger_Example";
			};
			name = Debug;
		};
		70B5C1B71BA3558600770486 /* Release */ = {
			isa = XCBuildConfiguration;
			baseConfigurationReference = 339F4A1D9E91697F0DB5092D /* Pods-JiffyLogger_Specs.release.xcconfig */;
			buildSettings = {
				BUNDLE_LOADER = "$(TEST_HOST)";
				CLANG_WARN_UNREACHABLE_CODE = YES;
				COPY_PHASE_STRIP = NO;
				DEBUG_INFORMATION_FORMAT = "dwarf-with-dsym";
				ENABLE_STRICT_OBJC_MSGSEND = YES;
				GCC_NO_COMMON_BLOCKS = YES;
				HEADER_SEARCH_PATHS = "$(inherited)";
				INFOPLIST_FILE = JiffyLogger_Specs/Info.plist;
				IPHONEOS_DEPLOYMENT_TARGET = 9.0;
				LD_RUNPATH_SEARCH_PATHS = "$(inherited) @executable_path/Frameworks @loader_path/Frameworks";
				MTL_ENABLE_DEBUG_INFO = NO;
				PRODUCT_BUNDLE_IDENTIFIER = "yaunches-inc.JiffyLogger-Specs";
				PRODUCT_NAME = "$(TARGET_NAME)";
				TEST_HOST = "$(BUILT_PRODUCTS_DIR)/JiffyLogger_Example.app/JiffyLogger_Example";
			};
			name = Release;
		};
/* End XCBuildConfiguration section */

/* Begin XCConfigurationList section */
		6003F585195388D10070C39A /* Build configuration list for PBXProject "JiffyLogger" */ = {
			isa = XCConfigurationList;
			buildConfigurations = (
				6003F5BD195388D20070C39A /* Debug */,
				6003F5BE195388D20070C39A /* Release */,
			);
			defaultConfigurationIsVisible = 0;
			defaultConfigurationName = Release;
		};
		6003F5BF195388D20070C39A /* Build configuration list for PBXNativeTarget "JiffyLogger_Example" */ = {
			isa = XCConfigurationList;
			buildConfigurations = (
				6003F5C0195388D20070C39A /* Debug */,
				6003F5C1195388D20070C39A /* Release */,
			);
			defaultConfigurationIsVisible = 0;
			defaultConfigurationName = Release;
		};
		70B5C1B51BA3558600770486 /* Build configuration list for PBXNativeTarget "JiffyLogger_Specs" */ = {
			isa = XCConfigurationList;
			buildConfigurations = (
				70B5C1B61BA3558600770486 /* Debug */,
				70B5C1B71BA3558600770486 /* Release */,
			);
			defaultConfigurationIsVisible = 0;
			defaultConfigurationName = Release;
		};
/* End XCConfigurationList section */
	};
	rootObject = 6003F582195388D10070C39A /* Project object */;
}
